# This file is autogenerated, do not edit; changes may be undone by the next 'dep ensure'.


[[projects]]
  digest = "1:c950e574951c7199fb3d990d0e7a61996f40f8e646ba7cf8a557878d4c737f53"
  name = "github.com/go-redis/redis"
  packages = [
    ".",
    "internal",
    "internal/consistenthash",
    "internal/hashtag",
    "internal/pool",
    "internal/proto",
    "internal/util",
  ]
  pruneopts = "UT"
  revision = "75795aa4236dc7341eefac3bbe945e68c99ef9df"
  version = "v6.15.3"

[[projects]]
  digest = "1:ec6f9bf5e274c833c911923c9193867f3f18788c461f76f05f62bb1510e0ae65"
  name = "github.com/go-sql-driver/mysql"
  packages = ["."]
  pruneopts = "UT"
  revision = "72cd26f257d44c1114970e19afddcd812016007e"
  version = "v1.4.1"

[[projects]]
  digest = "1:bed9d72d596f94e65fff37f4d6c01398074a6bb1c3f3ceff963516bd01db6ff5"
  name = "github.com/gofrs/uuid"
  packages = ["."]
  pruneopts = "UT"
  revision = "6b08a5c5172ba18946672b49749cde22873dd7c2"
  version = "v3.2.0"

[[projects]]
  digest = "1:ecd9aa82687cf31d1585d4ac61d0ba180e42e8a6182b85bd785fcca8dfeefc1b"
  name = "github.com/joho/godotenv"
  packages = ["."]
  pruneopts = "UT"
  revision = "23d116af351c84513e1946b527c88823e476be13"
  version = "v1.3.0"

[[projects]]
  digest = "1:bdd53b87de8185da386bae179c84d4848854c6870bacacf6a154fe63e2e750f7"
  name = "github.com/lib/pq"
  packages = [
    ".",
    "oid",
    "scram",
  ]
  pruneopts = "UT"
  revision = "bc6a3c0594130b1e34005880bc600b6d3f49fa7f"
  version = "v1.1.1"

[[projects]]
  digest = "1:cf31692c14422fa27c83a05292eb5cbe0fb2775972e8f1f8446a71549bd8980b"
  name = "github.com/pkg/errors"
  packages = ["."]
  pruneopts = "UT"
  revision = "ba968bfe8b2f7e042a574c888954fccecfa385b4"
  version = "v0.8.1"

[[projects]]
  digest = "1:08d65904057412fc0270fc4812a1c90c594186819243160dc779a402d4b6d0bc"
  name = "github.com/spf13/cast"
  packages = ["."]
  pruneopts = "UT"
  revision = "8c9545af88b134710ab1cd196795e7f2388358d7"
  version = "v1.3.0"

[[projects]]
  branch = "master"
  digest = "1:dd70bca92c5f88f5d6a098eaa570f604d52a460d82b81e1418c9559f6a742612"
  name = "github.com/volatiletech/inflect"
  packages = ["."]
  pruneopts = "UT"
  revision = "e7201282ae8da26cd97aed2e516f75c0bd91bb93"

[[projects]]
  digest = "1:218426218c1e963d3b3aac87793033ab444626943452449c830cc9c92004b1ac"
  name = "github.com/volatiletech/null"
  packages = [
    ".",
    "convert",
  ]
  pruneopts = "UT"
  revision = "0681ee3b5e046ac8bfbbd3999e79d3905e96972f"
  version = "v8.0.0"

[[projects]]
  digest = "1:c044a9af034e05796d826c8432283f8a02a7278b2ea80b9f320c2664355c7af5"
  name = "github.com/volatiletech/sqlboiler"
  packages = [
    "boil",
    "drivers",
    "importers",
    "queries",
    "queries/qm",
    "queries/qmhelper",
    "randomize",
    "strmangle",
  ]
  pruneopts = "UT"
  revision = "2942e962f90c880033128ab75f1b7e27badc3346"
  version = "v3.3.0"

[[projects]]
  digest = "1:c25289f43ac4a68d88b02245742347c94f1e108c534dda442188015ff80669b3"
  name = "google.golang.org/appengine"
  packages = ["cloudsql"]
  pruneopts = "UT"
  revision = "4c25cacc810c02874000e4f7071286a8e96b2515"
  version = "v1.6.0"

[[projects]]
  branch = "v2"
  digest = "1:e9ffc5283e40419d0d038e1637fb877443677efd58fbf1642c66b028fd0cb2de"
  name = "gopkg.in/tucnak/telebot.v2"
  packages = ["."]
  pruneopts = "UT"
  revision = "8c1c512262f2f97b1212eb1751efb498d2038a0c"

[solve-meta]
  analyzer-name = "dep"
  analyzer-version = 1
  input-imports = [
    "github.com/go-redis/redis",
    "github.com/go-sql-driver/mysql",
    "github.com/joho/godotenv",
    "github.com/lib/pq",
    "github.com/pkg/errors",
    "github.com/volatiletech/null",
    "github.com/volatiletech/sqlboiler/boil",
    "github.com/volatiletech/sqlboiler/drivers",
    "github.com/volatiletech/sqlboiler/queries",
    "github.com/volatiletech/sqlboiler/queries/qm",
    "github.com/volatiletech/sqlboiler/queries/qmhelper",
    "github.com/volatiletech/sqlboiler/strmangle",
    "gopkg.in/tucnak/telebot.v2",
  ]
  solver-name = "gps-cdcl"
  solver-version = 1
